PODS:
  - ActiveLabel (1.1.0)
  - Charts (3.6.0):
    - Charts/Core (= 3.6.0)
  - Charts/Core (3.6.0)
  - FlexColorPicker (1.4.4)
  - MSWeakTimer (1.1.0)

DEPENDENCIES:
  - ActiveLabel (~> 1.1.0)
  - Charts (~> 3.6.0)
  - FlexColorPicker (~> 1.4.4)
  - MSWeakTimer (~> 1.1.0)

SPEC REPOS:
  https://github.com/CocoaPods/Specs.git:
    - ActiveLabel
    - Charts
    - FlexColorPicker
    - MSWeakTimer

SPEC CHECKSUMS:
  ActiveLabel: 5e3f4de79a1952d4604b845a0610d4776e4b82b3
  Charts: 888b39ae772b3dc79d0a0e659f0419ff9bd3e963
  FlexColorPicker: ce72e0a9e0870815a0beba419ac3e09913401624
  MSWeakTimer: 9426150f933b80ed3acf3f6d228e4b61f0e303c8

PODFILE CHECKSUM: 392ea352b6a4acd15ddd365b204c0afe3b30ed8d

COCOAPODS: 1.12.1
