// !$*UTF8*$!
{
	archiveVersion = 1;
	classes = {
	};
	objectVersion = 50;
	objects = {

/* Begin PBXBuildFile section */
		29321595233006D1004BA0E7 /* NeoPixelPageViewController.swift in Sources */ = {isa = PBXBuildFile; fileRef = 29321594233006D1004BA0E7 /* NeoPixelPageViewController.swift */; };
		2956DC9F231039FC004231AB /* Swift+Gif.swift in Sources */ = {isa = PBXBuildFile; fileRef = 2956DC9E231039FC004231AB /* Swift+Gif.swift */; };
		2956DCA123103C60004231AB /* OPageOne.swift in Sources */ = {isa = PBXBuildFile; fileRef = 2956DCA023103C60004231AB /* OPageOne.swift */; };
		2956DCA5231049E6004231AB /* NewTest.gif in Resources */ = {isa = PBXBuildFile; fileRef = 2956DCA4231049E6004231AB /* NewTest.gif */; };
		29E624032326A8440051641D /* ColorPaletteViewController.swift in Sources */ = {isa = PBXBuildFile; fileRef = 29E624022326A8440051641D /* ColorPaletteViewController.swift */; };
		29E624052326B28D0051641D /* BLEScannerPageViewController.swift in Sources */ = {isa = PBXBuildFile; fileRef = 29E624042326B28D0051641D /* BLEScannerPageViewController.swift */; };
		29E624072326B3390051641D /* NeoPixelViewController.swift in Sources */ = {isa = PBXBuildFile; fileRef = 29E624062326B3390051641D /* NeoPixelViewController.swift */; };
		29E624092326B4020051641D /* ThermometerViewController.swift in Sources */ = {isa = PBXBuildFile; fileRef = 29E624082326B4020051641D /* ThermometerViewController.swift */; };
		29E6240B2326B45C0051641D /* SpeakerViewController.swift in Sources */ = {isa = PBXBuildFile; fileRef = 29E6240A2326B45C0051641D /* SpeakerViewController.swift */; };
		29E6240D2326B53B0051641D /* ButtonRecognitionViewController.swift in Sources */ = {isa = PBXBuildFile; fileRef = 29E6240C2326B53B0051641D /* ButtonRecognitionViewController.swift */; };
		29E6240F2326B5840051641D /* LightViewController.swift in Sources */ = {isa = PBXBuildFile; fileRef = 29E6240E2326B5840051641D /* LightViewController.swift */; };
		29E624112326B7EC0051641D /* VisualizationViewController.swift in Sources */ = {isa = PBXBuildFile; fileRef = 29E624102326B7EC0051641D /* VisualizationViewController.swift */; };
		29F21D2023049A6600405990 /* AppDelegate.swift in Sources */ = {isa = PBXBuildFile; fileRef = 29F21D1F23049A6600405990 /* AppDelegate.swift */; };
		29F21D2223049A6600405990 /* ViewController.swift in Sources */ = {isa = PBXBuildFile; fileRef = 29F21D2123049A6600405990 /* ViewController.swift */; };
		29F21D2723049A6700405990 /* Assets.xcassets in Resources */ = {isa = PBXBuildFile; fileRef = 29F21D2623049A6700405990 /* Assets.xcassets */; };
		29F21D3223049A7D00405990 /* Main.storyboard in Resources */ = {isa = PBXBuildFile; fileRef = 29F21D3123049A7D00405990 /* Main.storyboard */; };
		29F21D3623049D5500405990 /* RootPageViewController.swift in Sources */ = {isa = PBXBuildFile; fileRef = 29F21D3523049D5500405990 /* RootPageViewController.swift */; };
/* End PBXBuildFile section */

/* Begin PBXFileReference section */
		29321594233006D1004BA0E7 /* NeoPixelPageViewController.swift */ = {isa = PBXFileReference; lastKnownFileType = sourcecode.swift; path = NeoPixelPageViewController.swift; sourceTree = "<group>"; };
		2956DC9E231039FC004231AB /* Swift+Gif.swift */ = {isa = PBXFileReference; lastKnownFileType = sourcecode.swift; path = "Swift+Gif.swift"; sourceTree = "<group>"; };
		2956DCA023103C60004231AB /* OPageOne.swift */ = {isa = PBXFileReference; lastKnownFileType = sourcecode.swift; path = OPageOne.swift; sourceTree = "<group>"; };
		2956DCA4231049E6004231AB /* NewTest.gif */ = {isa = PBXFileReference; lastKnownFileType = image.gif; path = NewTest.gif; sourceTree = "<group>"; };
		29E624022326A8440051641D /* ColorPaletteViewController.swift */ = {isa = PBXFileReference; lastKnownFileType = sourcecode.swift; path = ColorPaletteViewController.swift; sourceTree = "<group>"; };
		29E624042326B28D0051641D /* BLEScannerPageViewController.swift */ = {isa = PBXFileReference; lastKnownFileType = sourcecode.swift; path = BLEScannerPageViewController.swift; sourceTree = "<group>"; };
		29E624062326B3390051641D /* NeoPixelViewController.swift */ = {isa = PBXFileReference; lastKnownFileType = sourcecode.swift; path = NeoPixelViewController.swift; sourceTree = "<group>"; };
		29E624082326B4020051641D /* ThermometerViewController.swift */ = {isa = PBXFileReference; lastKnownFileType = sourcecode.swift; path = ThermometerViewController.swift; sourceTree = "<group>"; };
		29E6240A2326B45C0051641D /* SpeakerViewController.swift */ = {isa = PBXFileReference; lastKnownFileType = sourcecode.swift; path = SpeakerViewController.swift; sourceTree = "<group>"; };
		29E6240C2326B53B0051641D /* ButtonRecognitionViewController.swift */ = {isa = PBXFileReference; lastKnownFileType = sourcecode.swift; path = ButtonRecognitionViewController.swift; sourceTree = "<group>"; };
		29E6240E2326B5840051641D /* LightViewController.swift */ = {isa = PBXFileReference; lastKnownFileType = sourcecode.swift; path = LightViewController.swift; sourceTree = "<group>"; };
		29E624102326B7EC0051641D /* VisualizationViewController.swift */ = {isa = PBXFileReference; lastKnownFileType = sourcecode.swift; path = VisualizationViewController.swift; sourceTree = "<group>"; };
		29F21D1C23049A6600405990 /* CPX+BLE.app */ = {isa = PBXFileReference; explicitFileType = wrapper.application; includeInIndex = 0; path = "CPX+BLE.app"; sourceTree = BUILT_PRODUCTS_DIR; };
		29F21D1F23049A6600405990 /* AppDelegate.swift */ = {isa = PBXFileReference; lastKnownFileType = sourcecode.swift; path = AppDelegate.swift; sourceTree = "<group>"; };
		29F21D2123049A6600405990 /* ViewController.swift */ = {isa = PBXFileReference; lastKnownFileType = sourcecode.swift; path = ViewController.swift; sourceTree = "<group>"; };
		29F21D2623049A6700405990 /* Assets.xcassets */ = {isa = PBXFileReference; lastKnownFileType = folder.assetcatalog; path = Assets.xcassets; sourceTree = "<group>"; };
		29F21D2B23049A6800405990 /* Info.plist */ = {isa = PBXFileReference; lastKnownFileType = text.plist.xml; path = Info.plist; sourceTree = "<group>"; };
		29F21D3123049A7D00405990 /* Main.storyboard */ = {isa = PBXFileReference; fileEncoding = 4; lastKnownFileType = file.storyboard; path = Main.storyboard; sourceTree = "<group>"; };
		29F21D3523049D5500405990 /* RootPageViewController.swift */ = {isa = PBXFileReference; fileEncoding = 4; lastKnownFileType = sourcecode.swift; path = RootPageViewController.swift; sourceTree = "<group>"; };
		29F21D3723049DE700405990 /* LaunchScreen.storyboard */ = {isa = PBXFileReference; lastKnownFileType = file.storyboard; path = LaunchScreen.storyboard; sourceTree = "<group>"; };
/* End PBXFileReference section */

/* Begin PBXFrameworksBuildPhase section */
		29F21D1923049A6600405990 /* Frameworks */ = {
			isa = PBXFrameworksBuildPhase;
			buildActionMask = 2147483647;
			files = (
			);
			runOnlyForDeploymentPostprocessing = 0;
		};
/* End PBXFrameworksBuildPhase section */

/* Begin PBXGroup section */
		29E624122326B8500051641D /* View Controllers */ = {
			isa = PBXGroup;
			children = (
				29E624102326B7EC0051641D /* VisualizationViewController.swift */,
				29E6240A2326B45C0051641D /* SpeakerViewController.swift */,
				29E6240C2326B53B0051641D /* ButtonRecognitionViewController.swift */,
				29E624062326B3390051641D /* NeoPixelViewController.swift */,
				29E624082326B4020051641D /* ThermometerViewController.swift */,
				29E6240E2326B5840051641D /* LightViewController.swift */,
			);
			path = "View Controllers";
			sourceTree = "<group>";
		};
		29F21D1323049A6600405990 = {
			isa = PBXGroup;
			children = (
				29F21D1E23049A6600405990 /* CPX+BLE */,
				29F21D1D23049A6600405990 /* Products */,
			);
			sourceTree = "<group>";
		};
		29F21D1D23049A6600405990 /* Products */ = {
			isa = PBXGroup;
			children = (
				29F21D1C23049A6600405990 /* CPX+BLE.app */,
			);
			name = Products;
			sourceTree = "<group>";
		};
		29F21D1E23049A6600405990 /* CPX+BLE */ = {
			isa = PBXGroup;
			children = (
				29F21D1F23049A6600405990 /* AppDelegate.swift */,
				29F21D2123049A6600405990 /* ViewController.swift */,
				29F21D3523049D5500405990 /* RootPageViewController.swift */,
				29E624042326B28D0051641D /* BLEScannerPageViewController.swift */,
				2956DC9E231039FC004231AB /* Swift+Gif.swift */,
				29321594233006D1004BA0E7 /* NeoPixelPageViewController.swift */,
				2956DCA023103C60004231AB /* OPageOne.swift */,
				29F21D3123049A7D00405990 /* Main.storyboard */,
				29E624122326B8500051641D /* View Controllers */,
				29E624022326A8440051641D /* ColorPaletteViewController.swift */,
				29F21D2623049A6700405990 /* Assets.xcassets */,
				2956DCA4231049E6004231AB /* NewTest.gif */,
				29F21D2B23049A6800405990 /* Info.plist */,
				29F21D3723049DE700405990 /* LaunchScreen.storyboard */,
			);
			path = "CPX+BLE";
			sourceTree = "<group>";
		};
/* End PBXGroup section */

/* Begin PBXNativeTarget section */
		29F21D1B23049A6600405990 /* CPX+BLE */ = {
			isa = PBXNativeTarget;
			buildConfigurationList = 29F21D2E23049A6800405990 /* Build configuration list for PBXNativeTarget "CPX+BLE" */;
			buildPhases = (
				29F21D1823049A6600405990 /* Sources */,
				29F21D1923049A6600405990 /* Frameworks */,
				29F21D1A23049A6600405990 /* Resources */,
			);
			buildRules = (
			);
			dependencies = (
			);
			name = "CPX+BLE";
			productName = "CPX+BLE";
			productReference = 29F21D1C23049A6600405990 /* CPX+BLE.app */;
			productType = "com.apple.product-type.application";
		};
/* End PBXNativeTarget section */

/* Begin PBXProject section */
		29F21D1423049A6600405990 /* Project object */ = {
			isa = PBXProject;
			attributes = {
				LastSwiftUpdateCheck = 1020;
				LastUpgradeCheck = 1020;
				ORGANIZATIONNAME = "Adafruit Industries LLC";
				TargetAttributes = {
					29F21D1B23049A6600405990 = {
						CreatedOnToolsVersion = 10.2.1;
					};
				};
			};
			buildConfigurationList = 29F21D1723049A6600405990 /* Build configuration list for PBXProject "CPX+BLE" */;
			compatibilityVersion = "Xcode 9.3";
			developmentRegion = en;
			hasScannedForEncodings = 0;
			knownRegions = (
				en,
				Base,
			);
			mainGroup = 29F21D1323049A6600405990;
			productRefGroup = 29F21D1D23049A6600405990 /* Products */;
			projectDirPath = "";
			projectRoot = "";
			targets = (
				29F21D1B23049A6600405990 /* CPX+BLE */,
			);
		};
/* End PBXProject section */

/* Begin PBXResourcesBuildPhase section */
		29F21D1A23049A6600405990 /* Resources */ = {
			isa = PBXResourcesBuildPhase;
			buildActionMask = 2147483647;
			files = (
				2956DCA5231049E6004231AB /* NewTest.gif in Resources */,
				29F21D2723049A6700405990 /* Assets.xcassets in Resources */,
				29F21D3223049A7D00405990 /* Main.storyboard in Resources */,
			);
			runOnlyForDeploymentPostprocessing = 0;
		};
/* End PBXResourcesBuildPhase section */

/* Begin PBXSourcesBuildPhase section */
		29F21D1823049A6600405990 /* Sources */ = {
			isa = PBXSourcesBuildPhase;
			buildActionMask = 2147483647;
			files = (
				29E6240B2326B45C0051641D /* SpeakerViewController.swift in Sources */,
				2956DC9F231039FC004231AB /* Swift+Gif.swift in Sources */,
				2956DCA123103C60004231AB /* OPageOne.swift in Sources */,
				29E624072326B3390051641D /* NeoPixelViewController.swift in Sources */,
				29E624092326B4020051641D /* ThermometerViewController.swift in Sources */,
				29E624052326B28D0051641D /* BLEScannerPageViewController.swift in Sources */,
				29F21D3623049D5500405990 /* RootPageViewController.swift in Sources */,
				29E6240F2326B5840051641D /* LightViewController.swift in Sources */,
				29F21D2223049A6600405990 /* ViewController.swift in Sources */,
				29E624032326A8440051641D /* ColorPaletteViewController.swift in Sources */,
				29321595233006D1004BA0E7 /* NeoPixelPageViewController.swift in Sources */,
				29F21D2023049A6600405990 /* AppDelegate.swift in Sources */,
				29E6240D2326B53B0051641D /* ButtonRecognitionViewController.swift in Sources */,
				29E624112326B7EC0051641D /* VisualizationViewController.swift in Sources */,
			);
			runOnlyForDeploymentPostprocessing = 0;
		};
/* End PBXSourcesBuildPhase section */

/* Begin XCBuildConfiguration section */
		29F21D2C23049A6800405990 /* Debug */ = {
			isa = XCBuildConfiguration;
			buildSettings = {
				ALWAYS_SEARCH_USER_PATHS = NO;
				CLANG_ANALYZER_NONNULL = YES;
				CLANG_ANALYZER_NUMBER_OBJECT_CONVERSION = YES_AGGRESSIVE;
				CLANG_CXX_LANGUAGE_STANDARD = "gnu++14";
				CLANG_CXX_LIBRARY = "libc++";
				CLANG_ENABLE_MODULES = YES;
				CLANG_ENABLE_OBJC_ARC = YES;
				CLANG_ENABLE_OBJC_WEAK = YES;
				CLANG_WARN_BLOCK_CAPTURE_AUTORELEASING = YES;
				CLANG_WARN_BOOL_CONVERSION = YES;
				CLANG_WARN_COMMA = YES;
				CLANG_WARN_CONSTANT_CONVERSION = YES;
				CLANG_WARN_DEPRECATED_OBJC_IMPLEMENTATIONS = YES;
				CLANG_WARN_DIRECT_OBJC_ISA_USAGE = YES_ERROR;
				CLANG_WARN_DOCUMENTATION_COMMENTS = YES;
				CLANG_WARN_EMPTY_BODY = YES;
				CLANG_WARN_ENUM_CONVERSION = YES;
				CLANG_WARN_INFINITE_RECURSION = YES;
				CLANG_WARN_INT_CONVERSION = YES;
				CLANG_WARN_NON_LITERAL_NULL_CONVERSION = YES;
				CLANG_WARN_OBJC_IMPLICIT_RETAIN_SELF = YES;
				CLANG_WARN_OBJC_LITERAL_CONVERSION = YES;
				CLANG_WARN_OBJC_ROOT_CLASS = YES_ERROR;
				CLANG_WARN_RANGE_LOOP_ANALYSIS = YES;
				CLANG_WARN_STRICT_PROTOTYPES = YES;
				CLANG_WARN_SUSPICIOUS_MOVE = YES;
				CLANG_WARN_UNGUARDED_AVAILABILITY = YES_AGGRESSIVE;
				CLANG_WARN_UNREACHABLE_CODE = YES;
				CLANG_WARN__DUPLICATE_METHOD_MATCH = YES;
				CODE_SIGN_IDENTITY = "iPhone Developer";
				COPY_PHASE_STRIP = NO;
				DEBUG_INFORMATION_FORMAT = dwarf;
				ENABLE_STRICT_OBJC_MSGSEND = YES;
				ENABLE_TESTABILITY = YES;
				GCC_C_LANGUAGE_STANDARD = gnu11;
				GCC_DYNAMIC_NO_PIC = NO;
				GCC_NO_COMMON_BLOCKS = YES;
				GCC_OPTIMIZATION_LEVEL = 0;
				GCC_PREPROCESSOR_DEFINITIONS = (
					"DEBUG=1",
					"$(inherited)",
				);
				GCC_WARN_64_TO_32_BIT_CONVERSION = YES;
				GCC_WARN_ABOUT_RETURN_TYPE = YES_ERROR;
				GCC_WARN_UNDECLARED_SELECTOR = YES;
				GCC_WARN_UNINITIALIZED_AUTOS = YES_AGGRESSIVE;
				GCC_WARN_UNUSED_FUNCTION = YES;
				GCC_WARN_UNUSED_VARIABLE = YES;
				IPHONEOS_DEPLOYMENT_TARGET = 13.0;
				MTL_ENABLE_DEBUG_INFO = INCLUDE_SOURCE;
				MTL_FAST_MATH = YES;
				ONLY_ACTIVE_ARCH = YES;
				SDKROOT = iphoneos;
				SWIFT_ACTIVE_COMPILATION_CONDITIONS = DEBUG;
				SWIFT_OPTIMIZATION_LEVEL = "-Onone";
			};
			name = Debug;
		};
		29F21D2D23049A6800405990 /* Release */ = {
			isa = XCBuildConfiguration;
			buildSettings = {
				ALWAYS_SEARCH_USER_PATHS = NO;
				CLANG_ANALYZER_NONNULL = YES;
				CLANG_ANALYZER_NUMBER_OBJECT_CONVERSION = YES_AGGRESSIVE;
				CLANG_CXX_LANGUAGE_STANDARD = "gnu++14";
				CLANG_CXX_LIBRARY = "libc++";
				CLANG_ENABLE_MODULES = YES;
				CLANG_ENABLE_OBJC_ARC = YES;
				CLANG_ENABLE_OBJC_WEAK = YES;
				CLANG_WARN_BLOCK_CAPTURE_AUTORELEASING = YES;
				CLANG_WARN_BOOL_CONVERSION = YES;
				CLANG_WARN_COMMA = YES;
				CLANG_WARN_CONSTANT_CONVERSION = YES;
				CLANG_WARN_DEPRECATED_OBJC_IMPLEMENTATIONS = YES;
				CLANG_WARN_DIRECT_OBJC_ISA_USAGE = YES_ERROR;
				CLANG_WARN_DOCUMENTATION_COMMENTS = YES;
				CLANG_WARN_EMPTY_BODY = YES;
				CLANG_WARN_ENUM_CONVERSION = YES;
				CLANG_WARN_INFINITE_RECURSION = YES;
				CLANG_WARN_INT_CONVERSION = YES;
				CLANG_WARN_NON_LITERAL_NULL_CONVERSION = YES;
				CLANG_WARN_OBJC_IMPLICIT_RETAIN_SELF = YES;
				CLANG_WARN_OBJC_LITERAL_CONVERSION = YES;
				CLANG_WARN_OBJC_ROOT_CLASS = YES_ERROR;
				CLANG_WARN_RANGE_LOOP_ANALYSIS = YES;
				CLANG_WARN_STRICT_PROTOTYPES = YES;
				CLANG_WARN_SUSPICIOUS_MOVE = YES;
				CLANG_WARN_UNGUARDED_AVAILABILITY = YES_AGGRESSIVE;
				CLANG_WARN_UNREACHABLE_CODE = YES;
				CLANG_WARN__DUPLICATE_METHOD_MATCH = YES;
				CODE_SIGN_IDENTITY = "iPhone Developer";
				COPY_PHASE_STRIP = NO;
				DEBUG_INFORMATION_FORMAT = "dwarf-with-dsym";
				ENABLE_NS_ASSERTIONS = NO;
				ENABLE_STRICT_OBJC_MSGSEND = YES;
				GCC_C_LANGUAGE_STANDARD = gnu11;
				GCC_NO_COMMON_BLOCKS = YES;
				GCC_WARN_64_TO_32_BIT_CONVERSION = YES;
				GCC_WARN_ABOUT_RETURN_TYPE = YES_ERROR;
				GCC_WARN_UNDECLARED_SELECTOR = YES;
				GCC_WARN_UNINITIALIZED_AUTOS = YES_AGGRESSIVE;
				GCC_WARN_UNUSED_FUNCTION = YES;
				GCC_WARN_UNUSED_VARIABLE = YES;
				IPHONEOS_DEPLOYMENT_TARGET = 13.0;
				MTL_ENABLE_DEBUG_INFO = NO;
				MTL_FAST_MATH = YES;
				SDKROOT = iphoneos;
				SWIFT_COMPILATION_MODE = wholemodule;
				SWIFT_OPTIMIZATION_LEVEL = "-O";
				VALIDATE_PRODUCT = YES;
			};
			name = Release;
		};
		29F21D2F23049A6800405990 /* Debug */ = {
			isa = XCBuildConfiguration;
			buildSettings = {
				ASSETCATALOG_COMPILER_APPICON_NAME = AppIcon;
				CODE_SIGN_STYLE = Automatic;
				DEVELOPMENT_TEAM = 2X94RM7457;
				INFOPLIST_FILE = "CPX+BLE/Info.plist";
				IPHONEOS_DEPLOYMENT_TARGET = 12.3;
				LD_RUNPATH_SEARCH_PATHS = (
					"$(inherited)",
					"@executable_path/Frameworks",
				);
				PRODUCT_BUNDLE_IDENTIFIER = "TrevorB.CPX-BLE";
				PRODUCT_NAME = "$(TARGET_NAME)";
				SWIFT_VERSION = 5.0;
				TARGETED_DEVICE_FAMILY = "1,2";
			};
			name = Debug;
		};
		29F21D3023049A6800405990 /* Release */ = {
			isa = XCBuildConfiguration;
			buildSettings = {
				ASSETCATALOG_COMPILER_APPICON_NAME = AppIcon;
				CODE_SIGN_STYLE = Automatic;
				DEVELOPMENT_TEAM = 2X94RM7457;
				INFOPLIST_FILE = "CPX+BLE/Info.plist";
				IPHONEOS_DEPLOYMENT_TARGET = 12.3;
				LD_RUNPATH_SEARCH_PATHS = (
					"$(inherited)",
					"@executable_path/Frameworks",
				);
				PRODUCT_BUNDLE_IDENTIFIER = "TrevorB.CPX-BLE";
				PRODUCT_NAME = "$(TARGET_NAME)";
				SWIFT_VERSION = 5.0;
				TARGETED_DEVICE_FAMILY = "1,2";
			};
			name = Release;
		};
/* End XCBuildConfiguration section */

/* Begin XCConfigurationList section */
		29F21D1723049A6600405990 /* Build configuration list for PBXProject "CPX+BLE" */ = {
			isa = XCConfigurationList;
			buildConfigurations = (
				29F21D2C23049A6800405990 /* Debug */,
				29F21D2D23049A6800405990 /* Release */,
			);
			defaultConfigurationIsVisible = 0;
			defaultConfigurationName = Release;
		};
		29F21D2E23049A6800405990 /* Build configuration list for PBXNativeTarget "CPX+BLE" */ = {
			isa = XCConfigurationList;
			buildConfigurations = (
				29F21D2F23049A6800405990 /* Debug */,
				29F21D3023049A6800405990 /* Release */,
			);
			defaultConfigurationIsVisible = 0;
			defaultConfigurationName = Release;
		};
/* End XCConfigurationList section */
	};
	rootObject = 29F21D1423049A6600405990 /* Project object */;
}
